
Microsoft Visual Studio Solution File, Format Version 12.00
# Visual Studio Version 17
VisualStudioVersion = 17.13.35919.96 d17.13
MinimumVisualStudioVersion = 10.0.40219.1
Project("{FAE04EC0-301F-11D3-BF4B-00C04F79EFBC}") = "LAB01", "LAB01\LAB01.csproj", "{F806F111-C668-4CC4-B2E0-2C45F546A428}"
EndProject
Global
	GlobalSection(SolutionConfigurationPlatforms) = preSolution
		Debug|Any CPU = Debug|Any CPU
		Release|Any CPU = Release|Any CPU
	EndGlobalSection
	GlobalSection(ProjectConfigurationPlatforms) = postSolution
		{F806F111-C668-4CC4-B2E0-2C45F546A428}.Debug|Any CPU.ActiveCfg = Debug|Any CPU
		{F806F111-C668-4CC4-B2E0-2C45F546A428}.Debug|Any CPU.Build.0 = Debug|Any CPU
		{F806F111-C668-4CC4-B2E0-2C45F546A428}.Release|Any CPU.ActiveCfg = Release|Any CPU
		{F806F111-C668-4CC4-B2E0-2C45F546A428}.Release|Any CPU.Build.0 = Release|Any CPU
	EndGlobalSection
	GlobalSection(SolutionProperties) = preSolution
		HideSolutionNode = FALSE
	EndGlobalSection
	GlobalSection(ExtensibilityGlobals) = postSolution
		SolutionGuid = {1133CEA3-F002-4628-9866-26E7CDC57F23}
	EndGlobalSection
EndGlobal
